
Microsoft Visual Studio Solution File, Format Version 12.00
# Visual Studio Version 17
VisualStudioVersion = 17.10.35004.147
MinimumVisualStudioVersion = 10.0.40219.1
Project("{9A19103F-16F7-4668-BE54-9A1E7A4F7556}") = "W9.InTheOven", "W9.InTheOven.csproj", "{90D96D0E-A4C0-4561-8A72-CCDE756A1918}"
EndProject
Global
	GlobalSection(SolutionConfigurationPlatforms) = preSolution
		Debug|Any CPU = Debug|Any CPU
		Release|Any CPU = Release|Any CPU
	EndGlobalSection
	GlobalSection(ProjectConfigurationPlatforms) = postSolution
		{90D96D0E-A4C0-4561-8A72-CCDE756A1918}.Debug|Any CPU.ActiveCfg = Debug|Any CPU
		{90D96D0E-A4C0-4561-8A72-CCDE756A1918}.Debug|Any CPU.Build.0 = Debug|Any CPU
		{90D96D0E-A4C0-4561-8A72-CCDE756A1918}.Release|Any CPU.ActiveCfg = Release|Any CPU
		{90D96D0E-A4C0-4561-8A72-CCDE756A1918}.Release|Any CPU.Build.0 = Release|Any CPU
	EndGlobalSection
	GlobalSection(SolutionProperties) = preSolution
		HideSolutionNode = FALSE
	EndGlobalSection
	GlobalSection(ExtensibilityGlobals) = postSolution
		SolutionGuid = {84A95AA9-2414-4311-B593-7DB26A13607F}
	EndGlobalSection
EndGlobal
