
Microsoft Visual Studio Solution File, Format Version 12.00
# Visual Studio Version 17
VisualStudioVersion = 17.10.35004.147
MinimumVisualStudioVersion = 10.0.40219.1
Project("{9A19103F-16F7-4668-BE54-9A1E7A4F7556}") = "quintogiorno", "quintogiorno\quintogiorno.csproj", "{5F37CE36-984F-4752-98F4-5357B076971D}"
EndProject
Global
	GlobalSection(SolutionConfigurationPlatforms) = preSolution
		Debug|Any CPU = Debug|Any CPU
		Release|Any CPU = Release|Any CPU
	EndGlobalSection
	GlobalSection(ProjectConfigurationPlatforms) = postSolution
		{5F37CE36-984F-4752-98F4-5357B076971D}.Debug|Any CPU.ActiveCfg = Debug|Any CPU
		{5F37CE36-984F-4752-98F4-5357B076971D}.Debug|Any CPU.Build.0 = Debug|Any CPU
		{5F37CE36-984F-4752-98F4-5357B076971D}.Release|Any CPU.ActiveCfg = Release|Any CPU
		{5F37CE36-984F-4752-98F4-5357B076971D}.Release|Any CPU.Build.0 = Release|Any CPU
	EndGlobalSection
	GlobalSection(SolutionProperties) = preSolution
		HideSolutionNode = FALSE
	EndGlobalSection
	GlobalSection(ExtensibilityGlobals) = postSolution
		SolutionGuid = {210AAA1A-91F4-4BD3-8390-39E7E7119147}
	EndGlobalSection
EndGlobal
