
Microsoft Visual Studio Solution File, Format Version 12.00
# Visual Studio Version 17
VisualStudioVersion = 17.10.35004.147
MinimumVisualStudioVersion = 10.0.40219.1
Project("{FAE04EC0-301F-11D3-BF4B-00C04F79EFBC}") = "primoprogetto", "primoprogetto\primoprogetto.csproj", "{E8E029C3-1E87-4C99-B12C-A59AA0C77562}"
EndProject
Global
	GlobalSection(SolutionConfigurationPlatforms) = preSolution
		Debug|Any CPU = Debug|Any CPU
		Release|Any CPU = Release|Any CPU
	EndGlobalSection
	GlobalSection(ProjectConfigurationPlatforms) = postSolution
		{E8E029C3-1E87-4C99-B12C-A59AA0C77562}.Debug|Any CPU.ActiveCfg = Debug|Any CPU
		{E8E029C3-1E87-4C99-B12C-A59AA0C77562}.Debug|Any CPU.Build.0 = Debug|Any CPU
		{E8E029C3-1E87-4C99-B12C-A59AA0C77562}.Release|Any CPU.ActiveCfg = Release|Any CPU
		{E8E029C3-1E87-4C99-B12C-A59AA0C77562}.Release|Any CPU.Build.0 = Release|Any CPU
	EndGlobalSection
	GlobalSection(SolutionProperties) = preSolution
		HideSolutionNode = FALSE
	EndGlobalSection
	GlobalSection(ExtensibilityGlobals) = postSolution
		SolutionGuid = {F7DEFA80-2090-4340-8B61-C70E8EE4BB94}
	EndGlobalSection
EndGlobal
