
Microsoft Visual Studio Solution File, Format Version 12.00
# Visual Studio Version 17
VisualStudioVersion = 17.10.35004.147
MinimumVisualStudioVersion = 10.0.40219.1
Project("{FAE04EC0-301F-11D3-BF4B-00C04F79EFBC}") = "PizzeriaWebApp", "PizzeriaWebApp\PizzeriaWebApp.csproj", "{1F5AA60D-DF62-4A5E-A7F1-504654BE4453}"
EndProject
Global
	GlobalSection(SolutionConfigurationPlatforms) = preSolution
		Debug|Any CPU = Debug|Any CPU
		Release|Any CPU = Release|Any CPU
	EndGlobalSection
	GlobalSection(ProjectConfigurationPlatforms) = postSolution
		{1F5AA60D-DF62-4A5E-A7F1-504654BE4453}.Debug|Any CPU.ActiveCfg = Debug|Any CPU
		{1F5AA60D-DF62-4A5E-A7F1-504654BE4453}.Debug|Any CPU.Build.0 = Debug|Any CPU
		{1F5AA60D-DF62-4A5E-A7F1-504654BE4453}.Release|Any CPU.ActiveCfg = Release|Any CPU
		{1F5AA60D-DF62-4A5E-A7F1-504654BE4453}.Release|Any CPU.Build.0 = Release|Any CPU
	EndGlobalSection
	GlobalSection(SolutionProperties) = preSolution
		HideSolutionNode = FALSE
	EndGlobalSection
	GlobalSection(ExtensibilityGlobals) = postSolution
		SolutionGuid = {20C8F16A-A83B-4705-A4AE-13F21EA5CDCA}
	EndGlobalSection
EndGlobal
